
Microsoft Visual Studio Solution File, Format Version 12.00
# Visual Studio 15
VisualStudioVersion = 15.0.28010.2048
MinimumVisualStudioVersion = 10.0.40219.1
Project("{FAE04EC0-301F-11D3-BF4B-00C04F79EFBC}") = "GeneticWay", "GeneticWay\GeneticWay.csproj", "{5C59B748-37E3-41E9-9EE4-3838FC3D371A}"
EndProject
Global
	GlobalSection(SolutionConfigurationPlatforms) = preSolution
		Debug|Any CPU = Debug|Any CPU
		Release|Any CPU = Release|Any CPU
	EndGlobalSection
	GlobalSection(ProjectConfigurationPlatforms) = postSolution
		{5C59B748-37E3-41E9-9EE4-3838FC3D371A}.Debug|Any CPU.ActiveCfg = Debug|Any CPU
		{5C59B748-37E3-41E9-9EE4-3838FC3D371A}.Debug|Any CPU.Build.0 = Debug|Any CPU
		{5C59B748-37E3-41E9-9EE4-3838FC3D371A}.Release|Any CPU.ActiveCfg = Release|Any CPU
		{5C59B748-37E3-41E9-9EE4-3838FC3D371A}.Release|Any CPU.Build.0 = Release|Any CPU
	EndGlobalSection
	GlobalSection(SolutionProperties) = preSolution
		HideSolutionNode = FALSE
	EndGlobalSection
	GlobalSection(ExtensibilityGlobals) = postSolution
		SolutionGuid = {1D14B05F-9FF9-4334-8D7D-F72B0B0D2728}
	EndGlobalSection
EndGlobal
