
Microsoft Visual Studio Solution File, Format Version 12.00
# Visual Studio Version 16
VisualStudioVersion = 16.0.30516.212
MinimumVisualStudioVersion = 10.0.40219.1
Project("{9A19103F-16F7-4668-BE54-9A1E7A4F7556}") = "KnowledgeManagement", "KnowledgeManagement\KnowledgeManagement.csproj", "{E77940EC-81B1-4ED8-91A0-98CFA72C3D1C}"
EndProject
Project("{2150E333-8FDC-42A3-9474-1A3956D46DE8}") = "SmartSpark", "SmartSpark", "{50CAF85C-01D1-481B-9CFE-B47DD2A1FF17}"
EndProject
Project("{9A19103F-16F7-4668-BE54-9A1E7A4F7556}") = "SmartSpark.Core", "SmartSpark\SmartSpark.Core\SmartSpark.Core.csproj", "{34F8550E-C88B-440A-B98F-B53B427344B7}"
EndProject
Project("{9A19103F-16F7-4668-BE54-9A1E7A4F7556}") = "SmartSpark.Server", "SmartSpark\SmartSpark.Server\SmartSpark.Server.csproj", "{CAC96363-77B6-4074-AFF0-CFCD87F73460}"
EndProject
Project("{9A19103F-16F7-4668-BE54-9A1E7A4F7556}") = "SmartSpark.Client", "SmartSpark\SmartSpark.Client\SmartSpark.Client.csproj", "{60ACE39E-2171-46E1-B4D1-EC870BAC63BF}"
EndProject
Project("{2150E333-8FDC-42A3-9474-1A3956D46DE8}") = "OverpassGeo", "OverpassGeo", "{7833280B-79A8-4CDE-8465-0D3014C04C9D}"
EndProject
Project("{FAE04EC0-301F-11D3-BF4B-00C04F79EFBC}") = "OverpassGeo.Core", "OverpassGeo\OverpassGeo.Core\OverpassGeo.Core.csproj", "{A43CC957-F3AD-4C1D-9A2D-365D8CDE5F8E}"
EndProject
Global
	GlobalSection(SolutionConfigurationPlatforms) = preSolution
		Debug|Any CPU = Debug|Any CPU
		Release|Any CPU = Release|Any CPU
	EndGlobalSection
	GlobalSection(ProjectConfigurationPlatforms) = postSolution
		{E77940EC-81B1-4ED8-91A0-98CFA72C3D1C}.Debug|Any CPU.ActiveCfg = Debug|Any CPU
		{E77940EC-81B1-4ED8-91A0-98CFA72C3D1C}.Debug|Any CPU.Build.0 = Debug|Any CPU
		{E77940EC-81B1-4ED8-91A0-98CFA72C3D1C}.Release|Any CPU.ActiveCfg = Release|Any CPU
		{E77940EC-81B1-4ED8-91A0-98CFA72C3D1C}.Release|Any CPU.Build.0 = Release|Any CPU
		{34F8550E-C88B-440A-B98F-B53B427344B7}.Debug|Any CPU.ActiveCfg = Debug|Any CPU
		{34F8550E-C88B-440A-B98F-B53B427344B7}.Debug|Any CPU.Build.0 = Debug|Any CPU
		{34F8550E-C88B-440A-B98F-B53B427344B7}.Release|Any CPU.ActiveCfg = Release|Any CPU
		{34F8550E-C88B-440A-B98F-B53B427344B7}.Release|Any CPU.Build.0 = Release|Any CPU
		{CAC96363-77B6-4074-AFF0-CFCD87F73460}.Debug|Any CPU.ActiveCfg = Debug|Any CPU
		{CAC96363-77B6-4074-AFF0-CFCD87F73460}.Debug|Any CPU.Build.0 = Debug|Any CPU
		{CAC96363-77B6-4074-AFF0-CFCD87F73460}.Release|Any CPU.ActiveCfg = Release|Any CPU
		{CAC96363-77B6-4074-AFF0-CFCD87F73460}.Release|Any CPU.Build.0 = Release|Any CPU
		{60ACE39E-2171-46E1-B4D1-EC870BAC63BF}.Debug|Any CPU.ActiveCfg = Debug|Any CPU
		{60ACE39E-2171-46E1-B4D1-EC870BAC63BF}.Debug|Any CPU.Build.0 = Debug|Any CPU
		{60ACE39E-2171-46E1-B4D1-EC870BAC63BF}.Release|Any CPU.ActiveCfg = Release|Any CPU
		{60ACE39E-2171-46E1-B4D1-EC870BAC63BF}.Release|Any CPU.Build.0 = Release|Any CPU
		{A43CC957-F3AD-4C1D-9A2D-365D8CDE5F8E}.Debug|Any CPU.ActiveCfg = Debug|Any CPU
		{A43CC957-F3AD-4C1D-9A2D-365D8CDE5F8E}.Debug|Any CPU.Build.0 = Debug|Any CPU
		{A43CC957-F3AD-4C1D-9A2D-365D8CDE5F8E}.Release|Any CPU.ActiveCfg = Release|Any CPU
		{A43CC957-F3AD-4C1D-9A2D-365D8CDE5F8E}.Release|Any CPU.Build.0 = Release|Any CPU
	EndGlobalSection
	GlobalSection(SolutionProperties) = preSolution
		HideSolutionNode = FALSE
	EndGlobalSection
	GlobalSection(NestedProjects) = preSolution
		{34F8550E-C88B-440A-B98F-B53B427344B7} = {50CAF85C-01D1-481B-9CFE-B47DD2A1FF17}
		{CAC96363-77B6-4074-AFF0-CFCD87F73460} = {50CAF85C-01D1-481B-9CFE-B47DD2A1FF17}
		{60ACE39E-2171-46E1-B4D1-EC870BAC63BF} = {50CAF85C-01D1-481B-9CFE-B47DD2A1FF17}
		{A43CC957-F3AD-4C1D-9A2D-365D8CDE5F8E} = {7833280B-79A8-4CDE-8465-0D3014C04C9D}
	EndGlobalSection
	GlobalSection(ExtensibilityGlobals) = postSolution
		SolutionGuid = {01297EF6-7BF3-4015-9FA8-79B08A523184}
	EndGlobalSection
EndGlobal
