
Microsoft Visual Studio Solution File, Format Version 12.00
# Visual Studio Version 17
VisualStudioVersion = 17.0.31710.8
MinimumVisualStudioVersion = 10.0.40219.1
Project("{8BC9CEB8-8B4A-11D0-8D11-00A0C91BC942}") = "omp1", "lab1\lab1.vcxproj", "{6C6A3765-BBC6-404B-B655-14AC8DAD345D}"
EndProject
Project("{8BC9CEB8-8B4A-11D0-8D11-00A0C91BC942}") = "omp2", "omp2\omp2.vcxproj", "{E3F746B2-039E-478E-AA2A-B2EA6999F5EA}"
EndProject
Project("{8BC9CEB8-8B4A-11D0-8D11-00A0C91BC942}") = "ocl1", "ocl1\ocl1.vcxproj", "{6842EDAA-7A20-4298-998E-49D55A440F80}"
EndProject
Global
	GlobalSection(SolutionConfigurationPlatforms) = preSolution
		Debug|x64 = Debug|x64
		Debug|x86 = Debug|x86
		Release|x64 = Release|x64
		Release|x86 = Release|x86
	EndGlobalSection
	GlobalSection(ProjectConfigurationPlatforms) = postSolution
		{6C6A3765-BBC6-404B-B655-14AC8DAD345D}.Debug|x64.ActiveCfg = Debug|x64
		{6C6A3765-BBC6-404B-B655-14AC8DAD345D}.Debug|x64.Build.0 = Debug|x64
		{6C6A3765-BBC6-404B-B655-14AC8DAD345D}.Debug|x86.ActiveCfg = Debug|Win32
		{6C6A3765-BBC6-404B-B655-14AC8DAD345D}.Debug|x86.Build.0 = Debug|Win32
		{6C6A3765-BBC6-404B-B655-14AC8DAD345D}.Release|x64.ActiveCfg = Release|x64
		{6C6A3765-BBC6-404B-B655-14AC8DAD345D}.Release|x64.Build.0 = Release|x64
		{6C6A3765-BBC6-404B-B655-14AC8DAD345D}.Release|x86.ActiveCfg = Release|Win32
		{6C6A3765-BBC6-404B-B655-14AC8DAD345D}.Release|x86.Build.0 = Release|Win32
		{E3F746B2-039E-478E-AA2A-B2EA6999F5EA}.Debug|x64.ActiveCfg = Debug|x64
		{E3F746B2-039E-478E-AA2A-B2EA6999F5EA}.Debug|x64.Build.0 = Debug|x64
		{E3F746B2-039E-478E-AA2A-B2EA6999F5EA}.Debug|x86.ActiveCfg = Debug|Win32
		{E3F746B2-039E-478E-AA2A-B2EA6999F5EA}.Debug|x86.Build.0 = Debug|Win32
		{E3F746B2-039E-478E-AA2A-B2EA6999F5EA}.Release|x64.ActiveCfg = Release|x64
		{E3F746B2-039E-478E-AA2A-B2EA6999F5EA}.Release|x64.Build.0 = Release|x64
		{E3F746B2-039E-478E-AA2A-B2EA6999F5EA}.Release|x86.ActiveCfg = Release|Win32
		{E3F746B2-039E-478E-AA2A-B2EA6999F5EA}.Release|x86.Build.0 = Release|Win32
		{6842EDAA-7A20-4298-998E-49D55A440F80}.Debug|x64.ActiveCfg = Debug|x64
		{6842EDAA-7A20-4298-998E-49D55A440F80}.Debug|x64.Build.0 = Debug|x64
		{6842EDAA-7A20-4298-998E-49D55A440F80}.Debug|x86.ActiveCfg = Debug|Win32
		{6842EDAA-7A20-4298-998E-49D55A440F80}.Debug|x86.Build.0 = Debug|Win32
		{6842EDAA-7A20-4298-998E-49D55A440F80}.Release|x64.ActiveCfg = Release|x64
		{6842EDAA-7A20-4298-998E-49D55A440F80}.Release|x64.Build.0 = Release|x64
		{6842EDAA-7A20-4298-998E-49D55A440F80}.Release|x86.ActiveCfg = Release|Win32
		{6842EDAA-7A20-4298-998E-49D55A440F80}.Release|x86.Build.0 = Release|Win32
	EndGlobalSection
	GlobalSection(SolutionProperties) = preSolution
		HideSolutionNode = FALSE
	EndGlobalSection
	GlobalSection(ExtensibilityGlobals) = postSolution
		SolutionGuid = {28FE08BE-CD37-48F7-A939-B823EC2DA7A8}
	EndGlobalSection
EndGlobal
