
Microsoft Visual Studio Solution File, Format Version 12.00
# Visual Studio 15
VisualStudioVersion = 15.0.28010.2016
MinimumVisualStudioVersion = 10.0.40219.1
Project("{9A19103F-16F7-4668-BE54-9A1E7A4F7556}") = "Lab1", "OptimizationMethods\Lab1.csproj", "{5503D83F-A62D-49BA-918F-407DE98B64B8}"
EndProject
Project("{9A19103F-16F7-4668-BE54-9A1E7A4F7556}") = "Lab2", "Lab2\Lab2.csproj", "{E51471D6-FC9D-4105-907D-9ABB98F3CC46}"
EndProject
Project("{9A19103F-16F7-4668-BE54-9A1E7A4F7556}") = "Lab3", "Lab3\Lab3.csproj", "{786AF817-AE2E-4721-9FC6-D8D031515E2E}"
EndProject
Project("{9A19103F-16F7-4668-BE54-9A1E7A4F7556}") = "Tests", "Tests\Tests.csproj", "{AC8C7A89-4A47-495E-8849-5849BD9B0256}"
EndProject
Global
	GlobalSection(SolutionConfigurationPlatforms) = preSolution
		Debug|Any CPU = Debug|Any CPU
		Release|Any CPU = Release|Any CPU
	EndGlobalSection
	GlobalSection(ProjectConfigurationPlatforms) = postSolution
		{5503D83F-A62D-49BA-918F-407DE98B64B8}.Debug|Any CPU.ActiveCfg = Debug|Any CPU
		{5503D83F-A62D-49BA-918F-407DE98B64B8}.Debug|Any CPU.Build.0 = Debug|Any CPU
		{5503D83F-A62D-49BA-918F-407DE98B64B8}.Release|Any CPU.ActiveCfg = Release|Any CPU
		{5503D83F-A62D-49BA-918F-407DE98B64B8}.Release|Any CPU.Build.0 = Release|Any CPU
		{E51471D6-FC9D-4105-907D-9ABB98F3CC46}.Debug|Any CPU.ActiveCfg = Debug|Any CPU
		{E51471D6-FC9D-4105-907D-9ABB98F3CC46}.Debug|Any CPU.Build.0 = Debug|Any CPU
		{E51471D6-FC9D-4105-907D-9ABB98F3CC46}.Release|Any CPU.ActiveCfg = Release|Any CPU
		{E51471D6-FC9D-4105-907D-9ABB98F3CC46}.Release|Any CPU.Build.0 = Release|Any CPU
		{786AF817-AE2E-4721-9FC6-D8D031515E2E}.Debug|Any CPU.ActiveCfg = Debug|Any CPU
		{786AF817-AE2E-4721-9FC6-D8D031515E2E}.Debug|Any CPU.Build.0 = Debug|Any CPU
		{786AF817-AE2E-4721-9FC6-D8D031515E2E}.Release|Any CPU.ActiveCfg = Release|Any CPU
		{786AF817-AE2E-4721-9FC6-D8D031515E2E}.Release|Any CPU.Build.0 = Release|Any CPU
		{AC8C7A89-4A47-495E-8849-5849BD9B0256}.Debug|Any CPU.ActiveCfg = Debug|Any CPU
		{AC8C7A89-4A47-495E-8849-5849BD9B0256}.Debug|Any CPU.Build.0 = Debug|Any CPU
		{AC8C7A89-4A47-495E-8849-5849BD9B0256}.Release|Any CPU.ActiveCfg = Release|Any CPU
		{AC8C7A89-4A47-495E-8849-5849BD9B0256}.Release|Any CPU.Build.0 = Release|Any CPU
	EndGlobalSection
	GlobalSection(SolutionProperties) = preSolution
		HideSolutionNode = FALSE
	EndGlobalSection
	GlobalSection(ExtensibilityGlobals) = postSolution
		SolutionGuid = {C54127C5-92E0-4EE7-8FB0-32431AA1D9CF}
	EndGlobalSection
EndGlobal
