
Microsoft Visual Studio Solution File, Format Version 12.00
# Visual Studio 15
VisualStudioVersion = 15.0.28010.2016
MinimumVisualStudioVersion = 10.0.40219.1
Project("{FAE04EC0-301F-11D3-BF4B-00C04F79EFBC}") = "Lab1", "OptimizationMethods\Lab1.csproj", "{5503D83F-A62D-49BA-918F-407DE98B64B8}"
EndProject
Global
	GlobalSection(SolutionConfigurationPlatforms) = preSolution
		Debug|Any CPU = Debug|Any CPU
		Release|Any CPU = Release|Any CPU
	EndGlobalSection
	GlobalSection(ProjectConfigurationPlatforms) = postSolution
		{5503D83F-A62D-49BA-918F-407DE98B64B8}.Debug|Any CPU.ActiveCfg = Debug|Any CPU
		{5503D83F-A62D-49BA-918F-407DE98B64B8}.Debug|Any CPU.Build.0 = Debug|Any CPU
		{5503D83F-A62D-49BA-918F-407DE98B64B8}.Release|Any CPU.ActiveCfg = Release|Any CPU
		{5503D83F-A62D-49BA-918F-407DE98B64B8}.Release|Any CPU.Build.0 = Release|Any CPU
	EndGlobalSection
	GlobalSection(SolutionProperties) = preSolution
		HideSolutionNode = FALSE
	EndGlobalSection
	GlobalSection(ExtensibilityGlobals) = postSolution
		SolutionGuid = {C54127C5-92E0-4EE7-8FB0-32431AA1D9CF}
	EndGlobalSection
EndGlobal
