
Microsoft Visual Studio Solution File, Format Version 12.00
# Visual Studio Version 16
VisualStudioVersion = 16.0.28407.52
MinimumVisualStudioVersion = 10.0.40219.1
Project("{9A19103F-16F7-4668-BE54-9A1E7A4F7556}") = "ReviewYourself.WebApi", "ReviewYourself.WebApi\ReviewYourself.WebApi.csproj", "{F5344507-E229-42BB-8F65-ECC6C1AC3E32}"
EndProject
Project("{9A19103F-16F7-4668-BE54-9A1E7A4F7556}") = "ReviewYourself.UnitTest", "ReviewYourself.UnitTest\ReviewYourself.UnitTest.csproj", "{812A7487-2F18-4E04-A830-F80B6023B4E5}"
EndProject
Global
	GlobalSection(SolutionConfigurationPlatforms) = preSolution
		Debug|Any CPU = Debug|Any CPU
		Release|Any CPU = Release|Any CPU
	EndGlobalSection
	GlobalSection(ProjectConfigurationPlatforms) = postSolution
		{F5344507-E229-42BB-8F65-ECC6C1AC3E32}.Debug|Any CPU.ActiveCfg = Debug|Any CPU
		{F5344507-E229-42BB-8F65-ECC6C1AC3E32}.Debug|Any CPU.Build.0 = Debug|Any CPU
		{F5344507-E229-42BB-8F65-ECC6C1AC3E32}.Release|Any CPU.ActiveCfg = Release|Any CPU
		{F5344507-E229-42BB-8F65-ECC6C1AC3E32}.Release|Any CPU.Build.0 = Release|Any CPU
		{812A7487-2F18-4E04-A830-F80B6023B4E5}.Debug|Any CPU.ActiveCfg = Debug|Any CPU
		{812A7487-2F18-4E04-A830-F80B6023B4E5}.Debug|Any CPU.Build.0 = Debug|Any CPU
		{812A7487-2F18-4E04-A830-F80B6023B4E5}.Release|Any CPU.ActiveCfg = Release|Any CPU
		{812A7487-2F18-4E04-A830-F80B6023B4E5}.Release|Any CPU.Build.0 = Release|Any CPU
	EndGlobalSection
	GlobalSection(SolutionProperties) = preSolution
		HideSolutionNode = FALSE
	EndGlobalSection
	GlobalSection(ExtensibilityGlobals) = postSolution
		SolutionGuid = {09F153F4-C1B1-4A19-A651-A2DADA8D01BD}
	EndGlobalSection
EndGlobal
