
Microsoft Visual Studio Solution File, Format Version 12.00
# Visual Studio 15
VisualStudioVersion = 15.0.27428.2002
MinimumVisualStudioVersion = 10.0.40219.1
Project("{FAE04EC0-301F-11D3-BF4B-00C04F79EFBC}") = "ReviewYourself", "ReviewYourself\ReviewYourself.csproj", "{F7A6312E-8C25-4B87-9D94-2DD3F6A781D5}"
EndProject
Project("{FAE04EC0-301F-11D3-BF4B-00C04F79EFBC}") = "ReviewYourself.Tests", "ReviewYourself.Tests\ReviewYourself.Tests.csproj", "{0125E96D-2B67-44CC-95CC-0FDFD0377F99}"
EndProject
Project("{00D1A9C2-B5F0-4AF3-8072-F6C62B433612}") = "ReviewYourself.Database", "ReviewYourself.Database\ReviewYourself.Database.sqlproj", "{376FCDBB-4422-439D-8BFA-33C6E1332B2F}"
EndProject
Project("{FAE04EC0-301F-11D3-BF4B-00C04F79EFBC}") = "ReviewYourself.Core", "ReviewYourself.Core\ReviewYourself.Core.csproj", "{29431634-19DE-45E2-B247-4E048DD61B1A}"
EndProject
Global
	GlobalSection(SolutionConfigurationPlatforms) = preSolution
		Debug|Any CPU = Debug|Any CPU
		Release|Any CPU = Release|Any CPU
	EndGlobalSection
	GlobalSection(ProjectConfigurationPlatforms) = postSolution
		{F7A6312E-8C25-4B87-9D94-2DD3F6A781D5}.Debug|Any CPU.ActiveCfg = Debug|Any CPU
		{F7A6312E-8C25-4B87-9D94-2DD3F6A781D5}.Debug|Any CPU.Build.0 = Debug|Any CPU
		{F7A6312E-8C25-4B87-9D94-2DD3F6A781D5}.Release|Any CPU.ActiveCfg = Release|Any CPU
		{F7A6312E-8C25-4B87-9D94-2DD3F6A781D5}.Release|Any CPU.Build.0 = Release|Any CPU
		{0125E96D-2B67-44CC-95CC-0FDFD0377F99}.Debug|Any CPU.ActiveCfg = Debug|Any CPU
		{0125E96D-2B67-44CC-95CC-0FDFD0377F99}.Debug|Any CPU.Build.0 = Debug|Any CPU
		{0125E96D-2B67-44CC-95CC-0FDFD0377F99}.Release|Any CPU.ActiveCfg = Release|Any CPU
		{0125E96D-2B67-44CC-95CC-0FDFD0377F99}.Release|Any CPU.Build.0 = Release|Any CPU
		{376FCDBB-4422-439D-8BFA-33C6E1332B2F}.Debug|Any CPU.ActiveCfg = Debug|Any CPU
		{376FCDBB-4422-439D-8BFA-33C6E1332B2F}.Debug|Any CPU.Build.0 = Debug|Any CPU
		{376FCDBB-4422-439D-8BFA-33C6E1332B2F}.Debug|Any CPU.Deploy.0 = Debug|Any CPU
		{376FCDBB-4422-439D-8BFA-33C6E1332B2F}.Release|Any CPU.ActiveCfg = Release|Any CPU
		{376FCDBB-4422-439D-8BFA-33C6E1332B2F}.Release|Any CPU.Build.0 = Release|Any CPU
		{376FCDBB-4422-439D-8BFA-33C6E1332B2F}.Release|Any CPU.Deploy.0 = Release|Any CPU
		{29431634-19DE-45E2-B247-4E048DD61B1A}.Debug|Any CPU.ActiveCfg = Debug|Any CPU
		{29431634-19DE-45E2-B247-4E048DD61B1A}.Debug|Any CPU.Build.0 = Debug|Any CPU
		{29431634-19DE-45E2-B247-4E048DD61B1A}.Release|Any CPU.ActiveCfg = Release|Any CPU
		{29431634-19DE-45E2-B247-4E048DD61B1A}.Release|Any CPU.Build.0 = Release|Any CPU
	EndGlobalSection
	GlobalSection(SolutionProperties) = preSolution
		HideSolutionNode = FALSE
	EndGlobalSection
	GlobalSection(ExtensibilityGlobals) = postSolution
		SolutionGuid = {09F153F4-C1B1-4A19-A651-A2DADA8D01BD}
	EndGlobalSection
EndGlobal
