
Microsoft Visual Studio Solution File, Format Version 12.00
# Visual Studio Version 16
VisualStudioVersion = 16.0.28711.60
MinimumVisualStudioVersion = 10.0.40219.1
Project("{FAE04EC0-301F-11D3-BF4B-00C04F79EFBC}") = "ServeYourself.Testing", "ServeYourself.Testing\ServeYourself.Testing.csproj", "{072DE463-6D28-4905-8B22-203FC46DE3A7}"
EndProject
Project("{FAE04EC0-301F-11D3-BF4B-00C04F79EFBC}") = "ServeYourself.Core", "ServeYourself.Core\ServeYourself.Core.csproj", "{B67FCA0A-DC5D-4A34-A592-AD57705F8EBC}"
EndProject
Global
	GlobalSection(SolutionConfigurationPlatforms) = preSolution
		Debug|Any CPU = Debug|Any CPU
		Release|Any CPU = Release|Any CPU
	EndGlobalSection
	GlobalSection(ProjectConfigurationPlatforms) = postSolution
		{072DE463-6D28-4905-8B22-203FC46DE3A7}.Debug|Any CPU.ActiveCfg = Debug|Any CPU
		{072DE463-6D28-4905-8B22-203FC46DE3A7}.Debug|Any CPU.Build.0 = Debug|Any CPU
		{072DE463-6D28-4905-8B22-203FC46DE3A7}.Release|Any CPU.ActiveCfg = Release|Any CPU
		{072DE463-6D28-4905-8B22-203FC46DE3A7}.Release|Any CPU.Build.0 = Release|Any CPU
		{B67FCA0A-DC5D-4A34-A592-AD57705F8EBC}.Debug|Any CPU.ActiveCfg = Debug|Any CPU
		{B67FCA0A-DC5D-4A34-A592-AD57705F8EBC}.Debug|Any CPU.Build.0 = Debug|Any CPU
		{B67FCA0A-DC5D-4A34-A592-AD57705F8EBC}.Release|Any CPU.ActiveCfg = Release|Any CPU
		{B67FCA0A-DC5D-4A34-A592-AD57705F8EBC}.Release|Any CPU.Build.0 = Release|Any CPU
	EndGlobalSection
	GlobalSection(SolutionProperties) = preSolution
		HideSolutionNode = FALSE
	EndGlobalSection
	GlobalSection(ExtensibilityGlobals) = postSolution
		SolutionGuid = {FF5CF6C3-7F19-44A7-9FC2-681DE933185F}
	EndGlobalSection
EndGlobal
